[[dependencies]]
name = "@openzeppelin-contracts"
version = "5.0.1"
source = "https://soldeer-revisions.s3.amazonaws.com/@openzeppelin-contracts/5_0_1_22-01-2024_13:14:01_contracts.zip"
checksum = "c256cbf6f5f38d3b65c7528bbffb530d0bdb818a20c9d5b61235a829202d7df7"
integrity = "892042a0b811bd7a946cdbc3e1890918736ee2000607ec10c927c4e4789ff659"

[[dependencies]]
name = "forge-std"
version = "1.9.2"
source = "https://soldeer-revisions.s3.amazonaws.com/forge-std/1_9_2_06-08-2024_17:31:25_forge-std-1.9.2.zip"
checksum = "20fd008c7c69b6c737cc0284469d1c76497107bc3e004d8381f6d8781cb27980"
integrity = "6a762bc149b2ba8ee0e31e2bf4326538ae51199496e1c1555353c98cc6d0b0a3"

[[dependencies]]
name = "risc0-ethereum"
version = "1.0.0"
source = "https://github.com/vlayer-xyz/risc0-ethereum/releases/download/v1.0.0-soldeer/contracts.zip"
checksum = "29dce8297a030792bb9b70d1372fce9d890b728302a92e2287fb066f6ad87f78"
integrity = "2f5f4f353bf02a9b9cea0f9068a4c1af8a1bff81ad7ec3716896e1e9887a4a4c"
