[[dependencies]]
name = "@openzeppelin-contracts"
version = "5.0.2"
source = "https://soldeer-revisions.s3.amazonaws.com/@openzeppelin-contracts/5_0_2_14-03-2024_06:11:59_contracts.zip"
checksum = "8bc4f0acc7c187771b878d46f7de4bfad1acad2eb5d096d9d05d34035853f5c3"
integrity = "55881f6114aa36158566ef52b486d9d96b217c3e47d0e24bbd4994a8cfb5ee7c"

[[dependencies]]
name = "forge-std"
version = "1.9.2"
source = "https://soldeer-revisions.s3.amazonaws.com/forge-std/1_9_2_06-08-2024_17:31:25_forge-std-1.9.2.zip"
checksum = "20fd008c7c69b6c737cc0284469d1c76497107bc3e004d8381f6d8781cb27980"
integrity = "f49457fb6591f0dfd8b59e02e6eb4508a115ef08a86b0803feb0a3939d82d783"

[[dependencies]]
name = "risc0-ethereum-contracts-fork"
version = "1.0.1"
source = "https://soldeer-revisions.s3.amazonaws.com/risc0-ethereum-contracts-fork/1_0_1_06-09-2024_09:05:05_contracts-risc0-eth.zip"
checksum = "e19dc7016788abda760bee604b30c785c7443f4a7bc482590547391c97a8ee02"
integrity = "2b631625c397416516d10180d8e25418a7a177c012b88e35bf0ed82000d16684"

[[dependencies]]
name = "vlayer-contracts"
version = "0.1.0"
source = "https://soldeer-revisions.s3.amazonaws.com/vlayer-contracts/0_1_0_06-09-2024_10:29:12_contracts.zip"
checksum = "5559147506f4c50a72c48507a66563e79c75180442fe1e927dc0417bb31739c4"
integrity = "3bffafed0668d0b8f308419fc1a1d6f4e6ea26596d62e7ed89bb672bd70b76f5"
